
Microsoft Visual Studio Solution File, Format Version 12.00
# Visual Studio Version 17
VisualStudioVersion = 17.7.34031.279
MinimumVisualStudioVersion = 10.0.40219.1
Project("{FAE04EC0-301F-11D3-BF4B-00C04F79EFBC}") = "17. The for Loop", "17. The for Loop\17. The for Loop.csproj", "{B29233F5-050B-4520-BB61-9C32A4DB2832}"
EndProject
Global
	GlobalSection(SolutionConfigurationPlatforms) = preSolution
		Debug|Any CPU = Debug|Any CPU
		Release|Any CPU = Release|Any CPU
	EndGlobalSection
	GlobalSection(ProjectConfigurationPlatforms) = postSolution
		{B29233F5-050B-4520-BB61-9C32A4DB2832}.Debug|Any CPU.ActiveCfg = Debug|Any CPU
		{B29233F5-050B-4520-BB61-9C32A4DB2832}.Debug|Any CPU.Build.0 = Debug|Any CPU
		{B29233F5-050B-4520-BB61-9C32A4DB2832}.Release|Any CPU.ActiveCfg = Release|Any CPU
		{B29233F5-050B-4520-BB61-9C32A4DB2832}.Release|Any CPU.Build.0 = Release|Any CPU
	EndGlobalSection
	GlobalSection(SolutionProperties) = preSolution
		HideSolutionNode = FALSE
	EndGlobalSection
	GlobalSection(ExtensibilityGlobals) = postSolution
		SolutionGuid = {8B9A3A67-563D-43AE-A5ED-98FA2987A73D}
	EndGlobalSection
EndGlobal
